
Microsoft Visual Studio Solution File, Format Version 12.00
# Visual Studio Version 17
VisualStudioVersion = 17.3.32811.315
MinimumVisualStudioVersion = 10.0.40219.1
Project("{2150E333-8FDC-42A3-9474-1A3956D46DE8}") = "Core", "Core", "{96BD58BC-0B4E-4B9B-A800-9565F94C66F0}"
EndProject
Project("{FAE04EC0-301F-11D3-BF4B-00C04F79EFBC}") = "Domain", "Domain\Domain.csproj", "{69A24E5F-5236-474E-820A-27A88C520B6D}"
EndProject
Project("{FAE04EC0-301F-11D3-BF4B-00C04F79EFBC}") = "Application", "Application\Application.csproj", "{D844F7D5-7B39-4FE0-AF4E-99830FEB970D}"
EndProject
Project("{2150E333-8FDC-42A3-9474-1A3956D46DE8}") = "Infrastructure", "Infrastructure", "{52498537-74BB-4B5D-AF8B-72DACF28C171}"
EndProject
Project("{FAE04EC0-301F-11D3-BF4B-00C04F79EFBC}") = "Persistence", "Persistence\Persistence.csproj", "{49FCF1D9-14D9-414F-8659-E9D820028B65}"
EndProject
Project("{2150E333-8FDC-42A3-9474-1A3956D46DE8}") = "Presentation", "Presentation", "{621851D1-6242-45C8-AA5E-A53C82DBF4C6}"
EndProject
Project("{FAE04EC0-301F-11D3-BF4B-00C04F79EFBC}") = "InvoiceUi", "InvoiceUi\InvoiceUi.csproj", "{8EF04550-A854-4868-998D-14A643AEAD14}"
EndProject
Project("{2150E333-8FDC-42A3-9474-1A3956D46DE8}") = "Base", "Base", "{2DDE9664-FC3F-430E-8B14-63D12B6A6CA6}"
EndProject
Project("{FAE04EC0-301F-11D3-BF4B-00C04F79EFBC}") = "Bases", "Bases\Bases.csproj", "{6272C5FF-67E8-4B8A-BCE4-6552B2E363FF}"
EndProject
Global
	GlobalSection(SolutionConfigurationPlatforms) = preSolution
		Debug|Any CPU = Debug|Any CPU
		Release|Any CPU = Release|Any CPU
	EndGlobalSection
	GlobalSection(ProjectConfigurationPlatforms) = postSolution
		{69A24E5F-5236-474E-820A-27A88C520B6D}.Debug|Any CPU.ActiveCfg = Debug|Any CPU
		{69A24E5F-5236-474E-820A-27A88C520B6D}.Debug|Any CPU.Build.0 = Debug|Any CPU
		{69A24E5F-5236-474E-820A-27A88C520B6D}.Release|Any CPU.ActiveCfg = Release|Any CPU
		{69A24E5F-5236-474E-820A-27A88C520B6D}.Release|Any CPU.Build.0 = Release|Any CPU
		{D844F7D5-7B39-4FE0-AF4E-99830FEB970D}.Debug|Any CPU.ActiveCfg = Debug|Any CPU
		{D844F7D5-7B39-4FE0-AF4E-99830FEB970D}.Debug|Any CPU.Build.0 = Debug|Any CPU
		{D844F7D5-7B39-4FE0-AF4E-99830FEB970D}.Release|Any CPU.ActiveCfg = Release|Any CPU
		{D844F7D5-7B39-4FE0-AF4E-99830FEB970D}.Release|Any CPU.Build.0 = Release|Any CPU
		{49FCF1D9-14D9-414F-8659-E9D820028B65}.Debug|Any CPU.ActiveCfg = Debug|Any CPU
		{49FCF1D9-14D9-414F-8659-E9D820028B65}.Debug|Any CPU.Build.0 = Debug|Any CPU
		{49FCF1D9-14D9-414F-8659-E9D820028B65}.Release|Any CPU.ActiveCfg = Release|Any CPU
		{49FCF1D9-14D9-414F-8659-E9D820028B65}.Release|Any CPU.Build.0 = Release|Any CPU
		{8EF04550-A854-4868-998D-14A643AEAD14}.Debug|Any CPU.ActiveCfg = Debug|Any CPU
		{8EF04550-A854-4868-998D-14A643AEAD14}.Debug|Any CPU.Build.0 = Debug|Any CPU
		{8EF04550-A854-4868-998D-14A643AEAD14}.Release|Any CPU.ActiveCfg = Release|Any CPU
		{8EF04550-A854-4868-998D-14A643AEAD14}.Release|Any CPU.Build.0 = Release|Any CPU
		{6272C5FF-67E8-4B8A-BCE4-6552B2E363FF}.Debug|Any CPU.ActiveCfg = Debug|Any CPU
		{6272C5FF-67E8-4B8A-BCE4-6552B2E363FF}.Debug|Any CPU.Build.0 = Debug|Any CPU
		{6272C5FF-67E8-4B8A-BCE4-6552B2E363FF}.Release|Any CPU.ActiveCfg = Release|Any CPU
		{6272C5FF-67E8-4B8A-BCE4-6552B2E363FF}.Release|Any CPU.Build.0 = Release|Any CPU
	EndGlobalSection
	GlobalSection(SolutionProperties) = preSolution
		HideSolutionNode = FALSE
	EndGlobalSection
	GlobalSection(NestedProjects) = preSolution
		{69A24E5F-5236-474E-820A-27A88C520B6D} = {96BD58BC-0B4E-4B9B-A800-9565F94C66F0}
		{D844F7D5-7B39-4FE0-AF4E-99830FEB970D} = {96BD58BC-0B4E-4B9B-A800-9565F94C66F0}
		{49FCF1D9-14D9-414F-8659-E9D820028B65} = {52498537-74BB-4B5D-AF8B-72DACF28C171}
		{8EF04550-A854-4868-998D-14A643AEAD14} = {621851D1-6242-45C8-AA5E-A53C82DBF4C6}
		{6272C5FF-67E8-4B8A-BCE4-6552B2E363FF} = {2DDE9664-FC3F-430E-8B14-63D12B6A6CA6}
	EndGlobalSection
	GlobalSection(ExtensibilityGlobals) = postSolution
		SolutionGuid = {C116C356-BE0B-4D4A-B715-E23E5B498911}
	EndGlobalSection
EndGlobal
